
Microsoft Visual Studio Solution File, Format Version 12.00
# Visual Studio Version 16
VisualStudioVersion = 16.0.32126.315
MinimumVisualStudioVersion = 10.0.40219.1
Project("{FAE04EC0-301F-11D3-BF4B-00C04F79EFBC}") = "Student_Registation", "Student_Registation\Student_Registation.csproj", "{C710D332-7161-4E0B-A411-5E93A1EA9D3E}"
EndProject
Project("{54435603-DBB4-11D2-8724-00A0C9A8B90C}") = "Setup", "Setup\Setup.vdproj", "{EEF5D0FC-AAD8-431D-8B38-0583B54CECF8}"
EndProject
Global
	GlobalSection(SolutionConfigurationPlatforms) = preSolution
		Debug|Any CPU = Debug|Any CPU
		Release|Any CPU = Release|Any CPU
	EndGlobalSection
	GlobalSection(ProjectConfigurationPlatforms) = postSolution
		{C710D332-7161-4E0B-A411-5E93A1EA9D3E}.Debug|Any CPU.ActiveCfg = Debug|Any CPU
		{C710D332-7161-4E0B-A411-5E93A1EA9D3E}.Debug|Any CPU.Build.0 = Debug|Any CPU
		{C710D332-7161-4E0B-A411-5E93A1EA9D3E}.Release|Any CPU.ActiveCfg = Release|Any CPU
		{C710D332-7161-4E0B-A411-5E93A1EA9D3E}.Release|Any CPU.Build.0 = Release|Any CPU
		{EEF5D0FC-AAD8-431D-8B38-0583B54CECF8}.Debug|Any CPU.ActiveCfg = Debug
		{EEF5D0FC-AAD8-431D-8B38-0583B54CECF8}.Release|Any CPU.ActiveCfg = Release
	EndGlobalSection
	GlobalSection(SolutionProperties) = preSolution
		HideSolutionNode = FALSE
	EndGlobalSection
	GlobalSection(ExtensibilityGlobals) = postSolution
		SolutionGuid = {7A95C16D-994C-49B2-B1D3-4AE8DA55FCF5}
	EndGlobalSection
EndGlobal
